
Microsoft Visual Studio Solution File, Format Version 12.00
# Visual Studio Version 16
VisualStudioVersion = 16.0.29418.71
MinimumVisualStudioVersion = 10.0.40219.1
Project("{FAE04EC0-301F-11D3-BF4B-00C04F79EFBC}") = "P01_StudentSystem", "P01_StudentSystem\P01_StudentSystem.csproj", "{058E83AB-1B79-41F4-8452-D7C3CCDE3002}"
EndProject
Global
	GlobalSection(SolutionConfigurationPlatforms) = preSolution
		Debug|Any CPU = Debug|Any CPU
		Release|Any CPU = Release|Any CPU
	EndGlobalSection
	GlobalSection(ProjectConfigurationPlatforms) = postSolution
		{058E83AB-1B79-41F4-8452-D7C3CCDE3002}.Debug|Any CPU.ActiveCfg = Debug|Any CPU
		{058E83AB-1B79-41F4-8452-D7C3CCDE3002}.Debug|Any CPU.Build.0 = Debug|Any CPU
		{058E83AB-1B79-41F4-8452-D7C3CCDE3002}.Release|Any CPU.ActiveCfg = Release|Any CPU
		{058E83AB-1B79-41F4-8452-D7C3CCDE3002}.Release|Any CPU.Build.0 = Release|Any CPU
	EndGlobalSection
	GlobalSection(SolutionProperties) = preSolution
		HideSolutionNode = FALSE
	EndGlobalSection
	GlobalSection(ExtensibilityGlobals) = postSolution
		SolutionGuid = {EA928880-071D-41D5-BB59-8E805869BFC8}
	EndGlobalSection
EndGlobal
