
Microsoft Visual Studio Solution File, Format Version 12.00
# Visual Studio Version 16
VisualStudioVersion = 16.0.29418.71
MinimumVisualStudioVersion = 10.0.40219.1
Project("{FAE04EC0-301F-11D3-BF4B-00C04F79EFBC}") = "P03_FootballBetting", "P03_FootballBetting\P03_FootballBetting.csproj", "{9700A9CC-F361-426B-A45E-A1933EADBB40}"
EndProject
Project("{FAE04EC0-301F-11D3-BF4B-00C04F79EFBC}") = "P03_FootballBetting.Data", "P03_FootballBetting.Data\P03_FootballBetting.Data.csproj", "{72F2E4A9-31DB-4BFC-8D50-3F50164DF543}"
EndProject
Project("{FAE04EC0-301F-11D3-BF4B-00C04F79EFBC}") = "P03_FootballBetting.Data.Models", "P03_FootballBetting.Data.Models\P03_FootballBetting.Data.Models.csproj", "{FA5DFCDA-1583-4991-8B06-26C450756FC4}"
EndProject
Global
	GlobalSection(SolutionConfigurationPlatforms) = preSolution
		Debug|Any CPU = Debug|Any CPU
		Release|Any CPU = Release|Any CPU
	EndGlobalSection
	GlobalSection(ProjectConfigurationPlatforms) = postSolution
		{9700A9CC-F361-426B-A45E-A1933EADBB40}.Debug|Any CPU.ActiveCfg = Debug|Any CPU
		{9700A9CC-F361-426B-A45E-A1933EADBB40}.Debug|Any CPU.Build.0 = Debug|Any CPU
		{9700A9CC-F361-426B-A45E-A1933EADBB40}.Release|Any CPU.ActiveCfg = Release|Any CPU
		{9700A9CC-F361-426B-A45E-A1933EADBB40}.Release|Any CPU.Build.0 = Release|Any CPU
		{72F2E4A9-31DB-4BFC-8D50-3F50164DF543}.Debug|Any CPU.ActiveCfg = Debug|Any CPU
		{72F2E4A9-31DB-4BFC-8D50-3F50164DF543}.Debug|Any CPU.Build.0 = Debug|Any CPU
		{72F2E4A9-31DB-4BFC-8D50-3F50164DF543}.Release|Any CPU.ActiveCfg = Release|Any CPU
		{72F2E4A9-31DB-4BFC-8D50-3F50164DF543}.Release|Any CPU.Build.0 = Release|Any CPU
		{FA5DFCDA-1583-4991-8B06-26C450756FC4}.Debug|Any CPU.ActiveCfg = Debug|Any CPU
		{FA5DFCDA-1583-4991-8B06-26C450756FC4}.Debug|Any CPU.Build.0 = Debug|Any CPU
		{FA5DFCDA-1583-4991-8B06-26C450756FC4}.Release|Any CPU.ActiveCfg = Release|Any CPU
		{FA5DFCDA-1583-4991-8B06-26C450756FC4}.Release|Any CPU.Build.0 = Release|Any CPU
	EndGlobalSection
	GlobalSection(SolutionProperties) = preSolution
		HideSolutionNode = FALSE
	EndGlobalSection
	GlobalSection(ExtensibilityGlobals) = postSolution
		SolutionGuid = {EA928880-071D-41D5-BB59-8E805869BFC8}
	EndGlobalSection
EndGlobal
