
Microsoft Visual Studio Solution File, Format Version 12.00
# Visual Studio 15
VisualStudioVersion = 15.0.27130.2020
MinimumVisualStudioVersion = 10.0.40219.1
Project("{FAE04EC0-301F-11D3-BF4B-00C04F79EFBC}") = "Minedraft", "Minedraft\Minedraft.csproj", "{0A13213E-B4A1-459F-981E-84262E3062E9}"
EndProject
Global
	GlobalSection(SolutionConfigurationPlatforms) = preSolution
		Debug|Any CPU = Debug|Any CPU
		Release|Any CPU = Release|Any CPU
	EndGlobalSection
	GlobalSection(ProjectConfigurationPlatforms) = postSolution
		{0A13213E-B4A1-459F-981E-84262E3062E9}.Debug|Any CPU.ActiveCfg = Debug|Any CPU
		{0A13213E-B4A1-459F-981E-84262E3062E9}.Debug|Any CPU.Build.0 = Debug|Any CPU
		{0A13213E-B4A1-459F-981E-84262E3062E9}.Release|Any CPU.ActiveCfg = Release|Any CPU
		{0A13213E-B4A1-459F-981E-84262E3062E9}.Release|Any CPU.Build.0 = Release|Any CPU
	EndGlobalSection
	GlobalSection(SolutionProperties) = preSolution
		HideSolutionNode = FALSE
	EndGlobalSection
	GlobalSection(ExtensibilityGlobals) = postSolution
		SolutionGuid = {B073C473-0B99-4B36-97AC-98D76B836C35}
	EndGlobalSection
EndGlobal
