
Microsoft Visual Studio Solution File, Format Version 12.00
# Visual Studio 15
VisualStudioVersion = 15.0.26730.16
MinimumVisualStudioVersion = 10.0.40219.1
Project("{FAE04EC0-301F-11D3-BF4B-00C04F79EFBC}") = "01.ConvertFromBase10ToBaseN", "01.ConvertFromBase10ToBaseN\01.ConvertFromBase10ToBaseN.csproj", "{A1459C4E-7AC3-4607-87EC-C976297F0C5E}"
EndProject
Project("{FAE04EC0-301F-11D3-BF4B-00C04F79EFBC}") = "02.ConvertFromBaseNToBase10", "02.ConvertFromBaseNToBase10\02.ConvertFromBaseNToBase10.csproj", "{ECA2C7CA-2FD7-46F7-A3DE-ADE4E8A701F4}"
EndProject
Project("{FAE04EC0-301F-11D3-BF4B-00C04F79EFBC}") = "03.UnicodeCharacters", "03.UnicodeCharacters\03.UnicodeCharacters.csproj", "{FDA41A75-40D9-4A32-AD42-2734CCB2DA7B}"
EndProject
Project("{FAE04EC0-301F-11D3-BF4B-00C04F79EFBC}") = "04.CharacterMultiplier", "04.CharacterMultiplier\04.CharacterMultiplier.csproj", "{C7DF828C-2D58-49BF-A56E-7C2C58C6570A}"
EndProject
Project("{FAE04EC0-301F-11D3-BF4B-00C04F79EFBC}") = "05.MagicExchangeableWords", "05.MagicExchangeableWords\05.MagicExchangeableWords.csproj", "{952C047F-9764-4E72-8CB3-3E5CE44BDB0A}"
EndProject
Project("{FAE04EC0-301F-11D3-BF4B-00C04F79EFBC}") = "06.SumBigNumbers", "06.SumBigNumbers\06.SumBigNumbers.csproj", "{CB6C19C6-0CE9-43A1-A4AD-58DF86431100}"
EndProject
Project("{FAE04EC0-301F-11D3-BF4B-00C04F79EFBC}") = "07.MultiplyBigNumber", "07.MultiplyBigNumber\07.MultiplyBigNumber.csproj", "{641B9B79-7C88-4E7B-8DA7-59403B7B85D5}"
EndProject
Project("{FAE04EC0-301F-11D3-BF4B-00C04F79EFBC}") = "08.LettersChangeNumbers", "08.LettersChangeNumbers\08.LettersChangeNumbers.csproj", "{CFF59F21-1615-4EE3-95A4-0DCB045481C7}"
EndProject
Project("{FAE04EC0-301F-11D3-BF4B-00C04F79EFBC}") = "09.MelrahShake", "09.MelrahShake\09.MelrahShake.csproj", "{F2A4C2EA-ED01-4AC9-B8AB-CE902E3451A9}"
EndProject
Global
	GlobalSection(SolutionConfigurationPlatforms) = preSolution
		Debug|Any CPU = Debug|Any CPU
		Release|Any CPU = Release|Any CPU
	EndGlobalSection
	GlobalSection(ProjectConfigurationPlatforms) = postSolution
		{A1459C4E-7AC3-4607-87EC-C976297F0C5E}.Debug|Any CPU.ActiveCfg = Debug|Any CPU
		{A1459C4E-7AC3-4607-87EC-C976297F0C5E}.Debug|Any CPU.Build.0 = Debug|Any CPU
		{A1459C4E-7AC3-4607-87EC-C976297F0C5E}.Release|Any CPU.ActiveCfg = Release|Any CPU
		{A1459C4E-7AC3-4607-87EC-C976297F0C5E}.Release|Any CPU.Build.0 = Release|Any CPU
		{ECA2C7CA-2FD7-46F7-A3DE-ADE4E8A701F4}.Debug|Any CPU.ActiveCfg = Debug|Any CPU
		{ECA2C7CA-2FD7-46F7-A3DE-ADE4E8A701F4}.Debug|Any CPU.Build.0 = Debug|Any CPU
		{ECA2C7CA-2FD7-46F7-A3DE-ADE4E8A701F4}.Release|Any CPU.ActiveCfg = Release|Any CPU
		{ECA2C7CA-2FD7-46F7-A3DE-ADE4E8A701F4}.Release|Any CPU.Build.0 = Release|Any CPU
		{FDA41A75-40D9-4A32-AD42-2734CCB2DA7B}.Debug|Any CPU.ActiveCfg = Debug|Any CPU
		{FDA41A75-40D9-4A32-AD42-2734CCB2DA7B}.Debug|Any CPU.Build.0 = Debug|Any CPU
		{FDA41A75-40D9-4A32-AD42-2734CCB2DA7B}.Release|Any CPU.ActiveCfg = Release|Any CPU
		{FDA41A75-40D9-4A32-AD42-2734CCB2DA7B}.Release|Any CPU.Build.0 = Release|Any CPU
		{C7DF828C-2D58-49BF-A56E-7C2C58C6570A}.Debug|Any CPU.ActiveCfg = Debug|Any CPU
		{C7DF828C-2D58-49BF-A56E-7C2C58C6570A}.Debug|Any CPU.Build.0 = Debug|Any CPU
		{C7DF828C-2D58-49BF-A56E-7C2C58C6570A}.Release|Any CPU.ActiveCfg = Release|Any CPU
		{C7DF828C-2D58-49BF-A56E-7C2C58C6570A}.Release|Any CPU.Build.0 = Release|Any CPU
		{952C047F-9764-4E72-8CB3-3E5CE44BDB0A}.Debug|Any CPU.ActiveCfg = Debug|Any CPU
		{952C047F-9764-4E72-8CB3-3E5CE44BDB0A}.Debug|Any CPU.Build.0 = Debug|Any CPU
		{952C047F-9764-4E72-8CB3-3E5CE44BDB0A}.Release|Any CPU.ActiveCfg = Release|Any CPU
		{952C047F-9764-4E72-8CB3-3E5CE44BDB0A}.Release|Any CPU.Build.0 = Release|Any CPU
		{CB6C19C6-0CE9-43A1-A4AD-58DF86431100}.Debug|Any CPU.ActiveCfg = Debug|Any CPU
		{CB6C19C6-0CE9-43A1-A4AD-58DF86431100}.Debug|Any CPU.Build.0 = Debug|Any CPU
		{CB6C19C6-0CE9-43A1-A4AD-58DF86431100}.Release|Any CPU.ActiveCfg = Release|Any CPU
		{CB6C19C6-0CE9-43A1-A4AD-58DF86431100}.Release|Any CPU.Build.0 = Release|Any CPU
		{641B9B79-7C88-4E7B-8DA7-59403B7B85D5}.Debug|Any CPU.ActiveCfg = Debug|Any CPU
		{641B9B79-7C88-4E7B-8DA7-59403B7B85D5}.Debug|Any CPU.Build.0 = Debug|Any CPU
		{641B9B79-7C88-4E7B-8DA7-59403B7B85D5}.Release|Any CPU.ActiveCfg = Release|Any CPU
		{641B9B79-7C88-4E7B-8DA7-59403B7B85D5}.Release|Any CPU.Build.0 = Release|Any CPU
		{CFF59F21-1615-4EE3-95A4-0DCB045481C7}.Debug|Any CPU.ActiveCfg = Debug|Any CPU
		{CFF59F21-1615-4EE3-95A4-0DCB045481C7}.Debug|Any CPU.Build.0 = Debug|Any CPU
		{CFF59F21-1615-4EE3-95A4-0DCB045481C7}.Release|Any CPU.ActiveCfg = Release|Any CPU
		{CFF59F21-1615-4EE3-95A4-0DCB045481C7}.Release|Any CPU.Build.0 = Release|Any CPU
		{F2A4C2EA-ED01-4AC9-B8AB-CE902E3451A9}.Debug|Any CPU.ActiveCfg = Debug|Any CPU
		{F2A4C2EA-ED01-4AC9-B8AB-CE902E3451A9}.Debug|Any CPU.Build.0 = Debug|Any CPU
		{F2A4C2EA-ED01-4AC9-B8AB-CE902E3451A9}.Release|Any CPU.ActiveCfg = Release|Any CPU
		{F2A4C2EA-ED01-4AC9-B8AB-CE902E3451A9}.Release|Any CPU.Build.0 = Release|Any CPU
	EndGlobalSection
	GlobalSection(SolutionProperties) = preSolution
		HideSolutionNode = FALSE
	EndGlobalSection
	GlobalSection(ExtensibilityGlobals) = postSolution
		SolutionGuid = {2499B188-6BB8-49D4-A647-740844769726}
	EndGlobalSection
EndGlobal
