
Microsoft Visual Studio Solution File, Format Version 12.00
# Visual Studio 15
VisualStudioVersion = 15.0.27130.2020
MinimumVisualStudioVersion = 10.0.40219.1
Project("{FAE04EC0-301F-11D3-BF4B-00C04F79EFBC}") = "01.ReverseNumbers", "01.ReverseNumbers\01.ReverseNumbers.csproj", "{918AF3F4-90CE-432D-8F55-7BC9D27E26DD}"
EndProject
Project("{FAE04EC0-301F-11D3-BF4B-00C04F79EFBC}") = "02.BasicStackOperations", "02.BasicStackOperations\02.BasicStackOperations.csproj", "{DA493413-2E28-4D34-8747-182C5180BAE5}"
EndProject
Project("{FAE04EC0-301F-11D3-BF4B-00C04F79EFBC}") = "03.MaximumElement", "03.MaximumElement\03.MaximumElement.csproj", "{F3BE2C5F-972B-4D30-B5C0-0EFA09883F7B}"
EndProject
Project("{FAE04EC0-301F-11D3-BF4B-00C04F79EFBC}") = "04.BasicQueueOperations", "04.BasicQueueOperations\04.BasicQueueOperations.csproj", "{AD0AD4FD-AC26-4113-8E0C-BD956A4E303D}"
EndProject
Project("{FAE04EC0-301F-11D3-BF4B-00C04F79EFBC}") = "05.SequenceWithQueue", "05.SequenceWithQueue\05.SequenceWithQueue.csproj", "{6A69E164-BE72-4E4A-B78A-7109294FFED7}"
EndProject
Project("{FAE04EC0-301F-11D3-BF4B-00C04F79EFBC}") = "06.TruckTour", "06.TruckTour\06.TruckTour.csproj", "{569FC6F4-E3EE-429B-8726-1A38EE1AE50C}"
EndProject
Project("{FAE04EC0-301F-11D3-BF4B-00C04F79EFBC}") = "07.BalancedParenthesis", "07.BalancedParenthesis\07.BalancedParenthesis.csproj", "{B0FA54B9-95BE-4C62-832A-0E7615A2DAC9}"
EndProject
Project("{FAE04EC0-301F-11D3-BF4B-00C04F79EFBC}") = "08.RecursiveFibonacci", "08.RecursiveFibonacci\08.RecursiveFibonacci.csproj", "{2BC31D9D-9AD8-45EB-B6A2-0C0F0EDA6FDB}"
EndProject
Project("{FAE04EC0-301F-11D3-BF4B-00C04F79EFBC}") = "09.StackFibonacci", "09.StackFibonacci\09.StackFibonacci.csproj", "{8392868E-9799-4EA2-83AA-7C03C53C1DBB}"
EndProject
Project("{FAE04EC0-301F-11D3-BF4B-00C04F79EFBC}") = "10.SimpleTextEditor", "10.SimpleTextEditor\10.SimpleTextEditor.csproj", "{47794029-F0B4-41A0-9B26-FED5DE369965}"
EndProject
Project("{FAE04EC0-301F-11D3-BF4B-00C04F79EFBC}") = "11.PoisonousPlants", "11.PoisonousPlants\11.PoisonousPlants.csproj", "{001B1F3A-E21E-451F-A1CA-3DCD19A667F1}"
EndProject
Global
	GlobalSection(SolutionConfigurationPlatforms) = preSolution
		Debug|Any CPU = Debug|Any CPU
		Release|Any CPU = Release|Any CPU
	EndGlobalSection
	GlobalSection(ProjectConfigurationPlatforms) = postSolution
		{918AF3F4-90CE-432D-8F55-7BC9D27E26DD}.Debug|Any CPU.ActiveCfg = Debug|Any CPU
		{918AF3F4-90CE-432D-8F55-7BC9D27E26DD}.Debug|Any CPU.Build.0 = Debug|Any CPU
		{918AF3F4-90CE-432D-8F55-7BC9D27E26DD}.Release|Any CPU.ActiveCfg = Release|Any CPU
		{918AF3F4-90CE-432D-8F55-7BC9D27E26DD}.Release|Any CPU.Build.0 = Release|Any CPU
		{DA493413-2E28-4D34-8747-182C5180BAE5}.Debug|Any CPU.ActiveCfg = Debug|Any CPU
		{DA493413-2E28-4D34-8747-182C5180BAE5}.Debug|Any CPU.Build.0 = Debug|Any CPU
		{DA493413-2E28-4D34-8747-182C5180BAE5}.Release|Any CPU.ActiveCfg = Release|Any CPU
		{DA493413-2E28-4D34-8747-182C5180BAE5}.Release|Any CPU.Build.0 = Release|Any CPU
		{F3BE2C5F-972B-4D30-B5C0-0EFA09883F7B}.Debug|Any CPU.ActiveCfg = Debug|Any CPU
		{F3BE2C5F-972B-4D30-B5C0-0EFA09883F7B}.Debug|Any CPU.Build.0 = Debug|Any CPU
		{F3BE2C5F-972B-4D30-B5C0-0EFA09883F7B}.Release|Any CPU.ActiveCfg = Release|Any CPU
		{F3BE2C5F-972B-4D30-B5C0-0EFA09883F7B}.Release|Any CPU.Build.0 = Release|Any CPU
		{AD0AD4FD-AC26-4113-8E0C-BD956A4E303D}.Debug|Any CPU.ActiveCfg = Debug|Any CPU
		{AD0AD4FD-AC26-4113-8E0C-BD956A4E303D}.Debug|Any CPU.Build.0 = Debug|Any CPU
		{AD0AD4FD-AC26-4113-8E0C-BD956A4E303D}.Release|Any CPU.ActiveCfg = Release|Any CPU
		{AD0AD4FD-AC26-4113-8E0C-BD956A4E303D}.Release|Any CPU.Build.0 = Release|Any CPU
		{6A69E164-BE72-4E4A-B78A-7109294FFED7}.Debug|Any CPU.ActiveCfg = Debug|Any CPU
		{6A69E164-BE72-4E4A-B78A-7109294FFED7}.Debug|Any CPU.Build.0 = Debug|Any CPU
		{6A69E164-BE72-4E4A-B78A-7109294FFED7}.Release|Any CPU.ActiveCfg = Release|Any CPU
		{6A69E164-BE72-4E4A-B78A-7109294FFED7}.Release|Any CPU.Build.0 = Release|Any CPU
		{569FC6F4-E3EE-429B-8726-1A38EE1AE50C}.Debug|Any CPU.ActiveCfg = Debug|Any CPU
		{569FC6F4-E3EE-429B-8726-1A38EE1AE50C}.Debug|Any CPU.Build.0 = Debug|Any CPU
		{569FC6F4-E3EE-429B-8726-1A38EE1AE50C}.Release|Any CPU.ActiveCfg = Release|Any CPU
		{569FC6F4-E3EE-429B-8726-1A38EE1AE50C}.Release|Any CPU.Build.0 = Release|Any CPU
		{B0FA54B9-95BE-4C62-832A-0E7615A2DAC9}.Debug|Any CPU.ActiveCfg = Debug|Any CPU
		{B0FA54B9-95BE-4C62-832A-0E7615A2DAC9}.Debug|Any CPU.Build.0 = Debug|Any CPU
		{B0FA54B9-95BE-4C62-832A-0E7615A2DAC9}.Release|Any CPU.ActiveCfg = Release|Any CPU
		{B0FA54B9-95BE-4C62-832A-0E7615A2DAC9}.Release|Any CPU.Build.0 = Release|Any CPU
		{2BC31D9D-9AD8-45EB-B6A2-0C0F0EDA6FDB}.Debug|Any CPU.ActiveCfg = Debug|Any CPU
		{2BC31D9D-9AD8-45EB-B6A2-0C0F0EDA6FDB}.Debug|Any CPU.Build.0 = Debug|Any CPU
		{2BC31D9D-9AD8-45EB-B6A2-0C0F0EDA6FDB}.Release|Any CPU.ActiveCfg = Release|Any CPU
		{2BC31D9D-9AD8-45EB-B6A2-0C0F0EDA6FDB}.Release|Any CPU.Build.0 = Release|Any CPU
		{8392868E-9799-4EA2-83AA-7C03C53C1DBB}.Debug|Any CPU.ActiveCfg = Debug|Any CPU
		{8392868E-9799-4EA2-83AA-7C03C53C1DBB}.Debug|Any CPU.Build.0 = Debug|Any CPU
		{8392868E-9799-4EA2-83AA-7C03C53C1DBB}.Release|Any CPU.ActiveCfg = Release|Any CPU
		{8392868E-9799-4EA2-83AA-7C03C53C1DBB}.Release|Any CPU.Build.0 = Release|Any CPU
		{47794029-F0B4-41A0-9B26-FED5DE369965}.Debug|Any CPU.ActiveCfg = Debug|Any CPU
		{47794029-F0B4-41A0-9B26-FED5DE369965}.Debug|Any CPU.Build.0 = Debug|Any CPU
		{47794029-F0B4-41A0-9B26-FED5DE369965}.Release|Any CPU.ActiveCfg = Release|Any CPU
		{47794029-F0B4-41A0-9B26-FED5DE369965}.Release|Any CPU.Build.0 = Release|Any CPU
		{001B1F3A-E21E-451F-A1CA-3DCD19A667F1}.Debug|Any CPU.ActiveCfg = Debug|Any CPU
		{001B1F3A-E21E-451F-A1CA-3DCD19A667F1}.Debug|Any CPU.Build.0 = Debug|Any CPU
		{001B1F3A-E21E-451F-A1CA-3DCD19A667F1}.Release|Any CPU.ActiveCfg = Release|Any CPU
		{001B1F3A-E21E-451F-A1CA-3DCD19A667F1}.Release|Any CPU.Build.0 = Release|Any CPU
	EndGlobalSection
	GlobalSection(SolutionProperties) = preSolution
		HideSolutionNode = FALSE
	EndGlobalSection
	GlobalSection(ExtensibilityGlobals) = postSolution
		SolutionGuid = {931CFD7F-3FC3-426D-B70E-9406E317E3DB}
	EndGlobalSection
EndGlobal
