
Microsoft Visual Studio Solution File, Format Version 12.00
# Visual Studio 15
VisualStudioVersion = 15.0.27130.2020
MinimumVisualStudioVersion = 10.0.40219.1
Project("{9A19103F-16F7-4668-BE54-9A1E7A4F7556}") = "P01_HarvestingFields", "P01_HarvestingFields\P01_HarvestingFields.csproj", "{11E5ECE3-DB95-4EEC-9E61-F5C650E1A08A}"
EndProject
Project("{9A19103F-16F7-4668-BE54-9A1E7A4F7556}") = "P02_BlackBoxInteger", "P02_BlackBoxInteger\P02_BlackBoxInteger.csproj", "{D193F212-9CBA-45C8-B6E0-3BA2C6CDE1CF}"
EndProject
Project("{9A19103F-16F7-4668-BE54-9A1E7A4F7556}") = "P03_BarraksWars", "P03_BarraksWars\P03_BarraksWars.csproj", "{D25FB288-99C0-423D-B232-062C101BBAE0}"
EndProject
Project("{9A19103F-16F7-4668-BE54-9A1E7A4F7556}") = "P06.TrafficLights", "P06.TrafficLights\P06.TrafficLights.csproj", "{E502085E-E064-4C37-9E74-9AB6502279C6}"
EndProject
Project("{9A19103F-16F7-4668-BE54-9A1E7A4F7556}") = "P07.InfernoInfinity", "P07.InfernoInfinity\P07.InfernoInfinity.csproj", "{9EE6B438-332B-4DDC-9744-61D7C8097A6A}"
EndProject
Global
	GlobalSection(SolutionConfigurationPlatforms) = preSolution
		Debug|Any CPU = Debug|Any CPU
		Release|Any CPU = Release|Any CPU
	EndGlobalSection
	GlobalSection(ProjectConfigurationPlatforms) = postSolution
		{11E5ECE3-DB95-4EEC-9E61-F5C650E1A08A}.Debug|Any CPU.ActiveCfg = Debug|Any CPU
		{11E5ECE3-DB95-4EEC-9E61-F5C650E1A08A}.Debug|Any CPU.Build.0 = Debug|Any CPU
		{11E5ECE3-DB95-4EEC-9E61-F5C650E1A08A}.Release|Any CPU.ActiveCfg = Release|Any CPU
		{11E5ECE3-DB95-4EEC-9E61-F5C650E1A08A}.Release|Any CPU.Build.0 = Release|Any CPU
		{D193F212-9CBA-45C8-B6E0-3BA2C6CDE1CF}.Debug|Any CPU.ActiveCfg = Debug|Any CPU
		{D193F212-9CBA-45C8-B6E0-3BA2C6CDE1CF}.Debug|Any CPU.Build.0 = Debug|Any CPU
		{D193F212-9CBA-45C8-B6E0-3BA2C6CDE1CF}.Release|Any CPU.ActiveCfg = Release|Any CPU
		{D193F212-9CBA-45C8-B6E0-3BA2C6CDE1CF}.Release|Any CPU.Build.0 = Release|Any CPU
		{D25FB288-99C0-423D-B232-062C101BBAE0}.Debug|Any CPU.ActiveCfg = Debug|Any CPU
		{D25FB288-99C0-423D-B232-062C101BBAE0}.Debug|Any CPU.Build.0 = Debug|Any CPU
		{D25FB288-99C0-423D-B232-062C101BBAE0}.Release|Any CPU.ActiveCfg = Release|Any CPU
		{D25FB288-99C0-423D-B232-062C101BBAE0}.Release|Any CPU.Build.0 = Release|Any CPU
		{E502085E-E064-4C37-9E74-9AB6502279C6}.Debug|Any CPU.ActiveCfg = Debug|Any CPU
		{E502085E-E064-4C37-9E74-9AB6502279C6}.Debug|Any CPU.Build.0 = Debug|Any CPU
		{E502085E-E064-4C37-9E74-9AB6502279C6}.Release|Any CPU.ActiveCfg = Release|Any CPU
		{E502085E-E064-4C37-9E74-9AB6502279C6}.Release|Any CPU.Build.0 = Release|Any CPU
		{9EE6B438-332B-4DDC-9744-61D7C8097A6A}.Debug|Any CPU.ActiveCfg = Debug|Any CPU
		{9EE6B438-332B-4DDC-9744-61D7C8097A6A}.Debug|Any CPU.Build.0 = Debug|Any CPU
		{9EE6B438-332B-4DDC-9744-61D7C8097A6A}.Release|Any CPU.ActiveCfg = Release|Any CPU
		{9EE6B438-332B-4DDC-9744-61D7C8097A6A}.Release|Any CPU.Build.0 = Release|Any CPU
	EndGlobalSection
	GlobalSection(SolutionProperties) = preSolution
		HideSolutionNode = FALSE
	EndGlobalSection
	GlobalSection(ExtensibilityGlobals) = postSolution
		SolutionGuid = {B02FBF73-7150-4B3D-86DF-3C3BCD979558}
	EndGlobalSection
EndGlobal
