
Microsoft Visual Studio Solution File, Format Version 12.00
# Visual Studio 15
VisualStudioVersion = 15.0.26730.8
MinimumVisualStudioVersion = 10.0.40219.1
Project("{FAE04EC0-301F-11D3-BF4B-00C04F79EFBC}") = "01.CharityMarathon", "01.CharityMarathon\01.CharityMarathon.csproj", "{9B9BC360-8BCF-4965-B0AC-A936BBC444D3}"
EndProject
Project("{FAE04EC0-301F-11D3-BF4B-00C04F79EFBC}") = "02.Ladybugs", "02.Ladybugs\02.Ladybugs.csproj", "{AA13F77F-9852-4C9A-8329-6EE53D40581C}"
EndProject
Project("{FAE04EC0-301F-11D3-BF4B-00C04F79EFBC}") = "03.NetherRealms", "03.NetherRealms\03.NetherRealms.csproj", "{98C3FF4A-23C7-4DFC-BED7-670A7CC78299}"
EndProject
Project("{FAE04EC0-301F-11D3-BF4B-00C04F79EFBC}") = "04.RoliTheCoder", "04.RoliTheCoder\04.RoliTheCoder.csproj", "{BE37C6C6-A291-4136-BB17-81952039E7E0}"
EndProject
Global
	GlobalSection(SolutionConfigurationPlatforms) = preSolution
		Debug|Any CPU = Debug|Any CPU
		Release|Any CPU = Release|Any CPU
	EndGlobalSection
	GlobalSection(ProjectConfigurationPlatforms) = postSolution
		{9B9BC360-8BCF-4965-B0AC-A936BBC444D3}.Debug|Any CPU.ActiveCfg = Debug|Any CPU
		{9B9BC360-8BCF-4965-B0AC-A936BBC444D3}.Debug|Any CPU.Build.0 = Debug|Any CPU
		{9B9BC360-8BCF-4965-B0AC-A936BBC444D3}.Release|Any CPU.ActiveCfg = Release|Any CPU
		{9B9BC360-8BCF-4965-B0AC-A936BBC444D3}.Release|Any CPU.Build.0 = Release|Any CPU
		{AA13F77F-9852-4C9A-8329-6EE53D40581C}.Debug|Any CPU.ActiveCfg = Debug|Any CPU
		{AA13F77F-9852-4C9A-8329-6EE53D40581C}.Debug|Any CPU.Build.0 = Debug|Any CPU
		{AA13F77F-9852-4C9A-8329-6EE53D40581C}.Release|Any CPU.ActiveCfg = Release|Any CPU
		{AA13F77F-9852-4C9A-8329-6EE53D40581C}.Release|Any CPU.Build.0 = Release|Any CPU
		{98C3FF4A-23C7-4DFC-BED7-670A7CC78299}.Debug|Any CPU.ActiveCfg = Debug|Any CPU
		{98C3FF4A-23C7-4DFC-BED7-670A7CC78299}.Debug|Any CPU.Build.0 = Debug|Any CPU
		{98C3FF4A-23C7-4DFC-BED7-670A7CC78299}.Release|Any CPU.ActiveCfg = Release|Any CPU
		{98C3FF4A-23C7-4DFC-BED7-670A7CC78299}.Release|Any CPU.Build.0 = Release|Any CPU
		{BE37C6C6-A291-4136-BB17-81952039E7E0}.Debug|Any CPU.ActiveCfg = Debug|Any CPU
		{BE37C6C6-A291-4136-BB17-81952039E7E0}.Debug|Any CPU.Build.0 = Debug|Any CPU
		{BE37C6C6-A291-4136-BB17-81952039E7E0}.Release|Any CPU.ActiveCfg = Release|Any CPU
		{BE37C6C6-A291-4136-BB17-81952039E7E0}.Release|Any CPU.Build.0 = Release|Any CPU
	EndGlobalSection
	GlobalSection(SolutionProperties) = preSolution
		HideSolutionNode = FALSE
	EndGlobalSection
	GlobalSection(ExtensibilityGlobals) = postSolution
		SolutionGuid = {6D8822F1-7030-42B0-87FB-8321F479BAD3}
	EndGlobalSection
EndGlobal
