
Microsoft Visual Studio Solution File, Format Version 12.00
# Visual Studio 15
VisualStudioVersion = 15.0.27130.2020
MinimumVisualStudioVersion = 10.0.40219.1
Project("{9A19103F-16F7-4668-BE54-9A1E7A4F7556}") = "01.Shapes", "01.Shapes\01.Shapes.csproj", "{DC4645C3-AA1C-4238-8A0D-C62AFD625D76}"
EndProject
Project("{9A19103F-16F7-4668-BE54-9A1E7A4F7556}") = "02.Cars", "02.Cars\02.Cars.csproj", "{D6DD44BD-FDBD-40A2-8DC8-7D837A8E2400}"
EndProject
Global
	GlobalSection(SolutionConfigurationPlatforms) = preSolution
		Debug|Any CPU = Debug|Any CPU
		Release|Any CPU = Release|Any CPU
	EndGlobalSection
	GlobalSection(ProjectConfigurationPlatforms) = postSolution
		{DC4645C3-AA1C-4238-8A0D-C62AFD625D76}.Debug|Any CPU.ActiveCfg = Debug|Any CPU
		{DC4645C3-AA1C-4238-8A0D-C62AFD625D76}.Debug|Any CPU.Build.0 = Debug|Any CPU
		{DC4645C3-AA1C-4238-8A0D-C62AFD625D76}.Release|Any CPU.ActiveCfg = Release|Any CPU
		{DC4645C3-AA1C-4238-8A0D-C62AFD625D76}.Release|Any CPU.Build.0 = Release|Any CPU
		{D6DD44BD-FDBD-40A2-8DC8-7D837A8E2400}.Debug|Any CPU.ActiveCfg = Debug|Any CPU
		{D6DD44BD-FDBD-40A2-8DC8-7D837A8E2400}.Debug|Any CPU.Build.0 = Debug|Any CPU
		{D6DD44BD-FDBD-40A2-8DC8-7D837A8E2400}.Release|Any CPU.ActiveCfg = Release|Any CPU
		{D6DD44BD-FDBD-40A2-8DC8-7D837A8E2400}.Release|Any CPU.Build.0 = Release|Any CPU
	EndGlobalSection
	GlobalSection(SolutionProperties) = preSolution
		HideSolutionNode = FALSE
	EndGlobalSection
	GlobalSection(ExtensibilityGlobals) = postSolution
		SolutionGuid = {17728972-C477-4D73-8256-620A0ECCC3B9}
	EndGlobalSection
EndGlobal
