
Microsoft Visual Studio Solution File, Format Version 12.00
# Visual Studio 15
VisualStudioVersion = 15.0.26730.16
MinimumVisualStudioVersion = 10.0.40219.1
Project("{9A19103F-16F7-4668-BE54-9A1E7A4F7556}") = "01.CountWorkingDays", "01.CountWorkingDays\01.CountWorkingDays.csproj", "{B5CC9B17-A70E-4DB5-9A57-DA92E9F5147A}"
EndProject
Project("{9A19103F-16F7-4668-BE54-9A1E7A4F7556}") = "02.AdvertisementMessage", "02.AdvertisementMessage\02.AdvertisementMessage.csproj", "{5A6AAD95-4E50-4F7E-8970-78509544E007}"
EndProject
Project("{9A19103F-16F7-4668-BE54-9A1E7A4F7556}") = "03.CirclesIntersection", "03.CirclesIntersection\03.CirclesIntersection.csproj", "{5880AFB1-CF0F-43FA-A151-E91C5FE21F5B}"
EndProject
Project("{9A19103F-16F7-4668-BE54-9A1E7A4F7556}") = "04.AverageGrades", "04.AverageGrades\04.AverageGrades.csproj", "{1A5AD05F-C7BC-4B46-92EF-D57467571DDC}"
EndProject
Project("{9A19103F-16F7-4668-BE54-9A1E7A4F7556}") = "05.BoolLibrary", "05.BoolLibrary\05.BoolLibrary.csproj", "{FEBE365C-FB07-43EE-9254-08FF4B20E2FF}"
EndProject
Project("{9A19103F-16F7-4668-BE54-9A1E7A4F7556}") = "06.BookLibraryExtension", "06.BookLibraryExtension\06.BookLibraryExtension.csproj", "{A798642F-E149-4773-8DBD-9FCC1B891BD8}"
EndProject
Project("{9A19103F-16F7-4668-BE54-9A1E7A4F7556}") = "07.AndreyAndBilliard", "07.AndreyAndBilliard\07.AndreyAndBilliard.csproj", "{71FF6A00-3DBE-4098-8674-2B32077A8F4B}"
EndProject
Project("{FAE04EC0-301F-11D3-BF4B-00C04F79EFBC}") = "08.MentorGroup", "08.MentorGroup\08.MentorGroup.csproj", "{AD65CEE5-CE7E-42E0-812C-0818BDB2B6A9}"
EndProject
Project("{FAE04EC0-301F-11D3-BF4B-00C04F79EFBC}") = "09.TeamworkProjects", "09.TeamworkProjects\09.TeamworkProjects.csproj", "{ACCD969F-F79D-41F8-A619-AA8BD6ED4B48}"
EndProject
Project("{FAE04EC0-301F-11D3-BF4B-00C04F79EFBC}") = "10.StudentGroups", "10.StudentGroups\10.StudentGroups.csproj", "{305C2B39-EAAD-4A0F-9A9A-FCA9147E6741}"
EndProject
Global
	GlobalSection(SolutionConfigurationPlatforms) = preSolution
		Debug|Any CPU = Debug|Any CPU
		Release|Any CPU = Release|Any CPU
	EndGlobalSection
	GlobalSection(ProjectConfigurationPlatforms) = postSolution
		{B5CC9B17-A70E-4DB5-9A57-DA92E9F5147A}.Debug|Any CPU.ActiveCfg = Debug|Any CPU
		{B5CC9B17-A70E-4DB5-9A57-DA92E9F5147A}.Debug|Any CPU.Build.0 = Debug|Any CPU
		{B5CC9B17-A70E-4DB5-9A57-DA92E9F5147A}.Release|Any CPU.ActiveCfg = Release|Any CPU
		{B5CC9B17-A70E-4DB5-9A57-DA92E9F5147A}.Release|Any CPU.Build.0 = Release|Any CPU
		{5A6AAD95-4E50-4F7E-8970-78509544E007}.Debug|Any CPU.ActiveCfg = Debug|Any CPU
		{5A6AAD95-4E50-4F7E-8970-78509544E007}.Debug|Any CPU.Build.0 = Debug|Any CPU
		{5A6AAD95-4E50-4F7E-8970-78509544E007}.Release|Any CPU.ActiveCfg = Release|Any CPU
		{5A6AAD95-4E50-4F7E-8970-78509544E007}.Release|Any CPU.Build.0 = Release|Any CPU
		{5880AFB1-CF0F-43FA-A151-E91C5FE21F5B}.Debug|Any CPU.ActiveCfg = Debug|Any CPU
		{5880AFB1-CF0F-43FA-A151-E91C5FE21F5B}.Debug|Any CPU.Build.0 = Debug|Any CPU
		{5880AFB1-CF0F-43FA-A151-E91C5FE21F5B}.Release|Any CPU.ActiveCfg = Release|Any CPU
		{5880AFB1-CF0F-43FA-A151-E91C5FE21F5B}.Release|Any CPU.Build.0 = Release|Any CPU
		{1A5AD05F-C7BC-4B46-92EF-D57467571DDC}.Debug|Any CPU.ActiveCfg = Debug|Any CPU
		{1A5AD05F-C7BC-4B46-92EF-D57467571DDC}.Debug|Any CPU.Build.0 = Debug|Any CPU
		{1A5AD05F-C7BC-4B46-92EF-D57467571DDC}.Release|Any CPU.ActiveCfg = Release|Any CPU
		{1A5AD05F-C7BC-4B46-92EF-D57467571DDC}.Release|Any CPU.Build.0 = Release|Any CPU
		{FEBE365C-FB07-43EE-9254-08FF4B20E2FF}.Debug|Any CPU.ActiveCfg = Debug|Any CPU
		{FEBE365C-FB07-43EE-9254-08FF4B20E2FF}.Debug|Any CPU.Build.0 = Debug|Any CPU
		{FEBE365C-FB07-43EE-9254-08FF4B20E2FF}.Release|Any CPU.ActiveCfg = Release|Any CPU
		{FEBE365C-FB07-43EE-9254-08FF4B20E2FF}.Release|Any CPU.Build.0 = Release|Any CPU
		{A798642F-E149-4773-8DBD-9FCC1B891BD8}.Debug|Any CPU.ActiveCfg = Debug|Any CPU
		{A798642F-E149-4773-8DBD-9FCC1B891BD8}.Debug|Any CPU.Build.0 = Debug|Any CPU
		{A798642F-E149-4773-8DBD-9FCC1B891BD8}.Release|Any CPU.ActiveCfg = Release|Any CPU
		{A798642F-E149-4773-8DBD-9FCC1B891BD8}.Release|Any CPU.Build.0 = Release|Any CPU
		{71FF6A00-3DBE-4098-8674-2B32077A8F4B}.Debug|Any CPU.ActiveCfg = Debug|Any CPU
		{71FF6A00-3DBE-4098-8674-2B32077A8F4B}.Debug|Any CPU.Build.0 = Debug|Any CPU
		{71FF6A00-3DBE-4098-8674-2B32077A8F4B}.Release|Any CPU.ActiveCfg = Release|Any CPU
		{71FF6A00-3DBE-4098-8674-2B32077A8F4B}.Release|Any CPU.Build.0 = Release|Any CPU
		{AD65CEE5-CE7E-42E0-812C-0818BDB2B6A9}.Debug|Any CPU.ActiveCfg = Debug|Any CPU
		{AD65CEE5-CE7E-42E0-812C-0818BDB2B6A9}.Debug|Any CPU.Build.0 = Debug|Any CPU
		{AD65CEE5-CE7E-42E0-812C-0818BDB2B6A9}.Release|Any CPU.ActiveCfg = Release|Any CPU
		{AD65CEE5-CE7E-42E0-812C-0818BDB2B6A9}.Release|Any CPU.Build.0 = Release|Any CPU
		{ACCD969F-F79D-41F8-A619-AA8BD6ED4B48}.Debug|Any CPU.ActiveCfg = Debug|Any CPU
		{ACCD969F-F79D-41F8-A619-AA8BD6ED4B48}.Debug|Any CPU.Build.0 = Debug|Any CPU
		{ACCD969F-F79D-41F8-A619-AA8BD6ED4B48}.Release|Any CPU.ActiveCfg = Release|Any CPU
		{ACCD969F-F79D-41F8-A619-AA8BD6ED4B48}.Release|Any CPU.Build.0 = Release|Any CPU
		{305C2B39-EAAD-4A0F-9A9A-FCA9147E6741}.Debug|Any CPU.ActiveCfg = Debug|Any CPU
		{305C2B39-EAAD-4A0F-9A9A-FCA9147E6741}.Debug|Any CPU.Build.0 = Debug|Any CPU
		{305C2B39-EAAD-4A0F-9A9A-FCA9147E6741}.Release|Any CPU.ActiveCfg = Release|Any CPU
		{305C2B39-EAAD-4A0F-9A9A-FCA9147E6741}.Release|Any CPU.Build.0 = Release|Any CPU
	EndGlobalSection
	GlobalSection(SolutionProperties) = preSolution
		HideSolutionNode = FALSE
	EndGlobalSection
	GlobalSection(ExtensibilityGlobals) = postSolution
		SolutionGuid = {5E59E700-8CFA-429C-91D9-F9E0099C2B2F}
	EndGlobalSection
EndGlobal
