
Microsoft Visual Studio Solution File, Format Version 12.00
# Visual Studio 15
VisualStudioVersion = 15.0.27130.2020
MinimumVisualStudioVersion = 10.0.40219.1
Project("{FAE04EC0-301F-11D3-BF4B-00C04F79EFBC}") = "SOLID", "SOLID\SOLID.csproj", "{075F68B1-24E0-4F6A-BD59-0F9902AF7CD2}"
EndProject
Project("{FAE04EC0-301F-11D3-BF4B-00C04F79EFBC}") = "SOLID_Playground", "SOLID_Playground\SOLID_Playground.csproj", "{6CE01570-9C74-4ACF-A398-5DACEEB54482}"
EndProject
Global
	GlobalSection(SolutionConfigurationPlatforms) = preSolution
		Debug|Any CPU = Debug|Any CPU
		Release|Any CPU = Release|Any CPU
	EndGlobalSection
	GlobalSection(ProjectConfigurationPlatforms) = postSolution
		{075F68B1-24E0-4F6A-BD59-0F9902AF7CD2}.Debug|Any CPU.ActiveCfg = Debug|Any CPU
		{075F68B1-24E0-4F6A-BD59-0F9902AF7CD2}.Debug|Any CPU.Build.0 = Debug|Any CPU
		{075F68B1-24E0-4F6A-BD59-0F9902AF7CD2}.Release|Any CPU.ActiveCfg = Release|Any CPU
		{075F68B1-24E0-4F6A-BD59-0F9902AF7CD2}.Release|Any CPU.Build.0 = Release|Any CPU
		{6CE01570-9C74-4ACF-A398-5DACEEB54482}.Debug|Any CPU.ActiveCfg = Debug|Any CPU
		{6CE01570-9C74-4ACF-A398-5DACEEB54482}.Debug|Any CPU.Build.0 = Debug|Any CPU
		{6CE01570-9C74-4ACF-A398-5DACEEB54482}.Release|Any CPU.ActiveCfg = Release|Any CPU
		{6CE01570-9C74-4ACF-A398-5DACEEB54482}.Release|Any CPU.Build.0 = Release|Any CPU
	EndGlobalSection
	GlobalSection(SolutionProperties) = preSolution
		HideSolutionNode = FALSE
	EndGlobalSection
	GlobalSection(ExtensibilityGlobals) = postSolution
		SolutionGuid = {D688CF6B-CC24-4A6F-9495-F472E7CBA18B}
	EndGlobalSection
EndGlobal
