
Microsoft Visual Studio Solution File, Format Version 12.00
# Visual Studio Version 16
VisualStudioVersion = 16.0.29418.71
MinimumVisualStudioVersion = 10.0.40219.1
Project("{9A19103F-16F7-4668-BE54-9A1E7A4F7556}") = "01.HospitalDatabase", "01.HospitalDatabase\01.HospitalDatabase.csproj", "{E7875DC2-D462-4480-A1E8-075E397FDB27}"
EndProject
Project("{FAE04EC0-301F-11D3-BF4B-00C04F79EFBC}") = "P03_SalesDatabase", "P03_SalesDatabase\P03_SalesDatabase.csproj", "{6164D58E-73F7-4E39-9EAE-3A76B1D39DD6}"
EndProject
Global
	GlobalSection(SolutionConfigurationPlatforms) = preSolution
		Debug|Any CPU = Debug|Any CPU
		Release|Any CPU = Release|Any CPU
	EndGlobalSection
	GlobalSection(ProjectConfigurationPlatforms) = postSolution
		{E7875DC2-D462-4480-A1E8-075E397FDB27}.Debug|Any CPU.ActiveCfg = Debug|Any CPU
		{E7875DC2-D462-4480-A1E8-075E397FDB27}.Debug|Any CPU.Build.0 = Debug|Any CPU
		{E7875DC2-D462-4480-A1E8-075E397FDB27}.Release|Any CPU.ActiveCfg = Release|Any CPU
		{E7875DC2-D462-4480-A1E8-075E397FDB27}.Release|Any CPU.Build.0 = Release|Any CPU
		{6164D58E-73F7-4E39-9EAE-3A76B1D39DD6}.Debug|Any CPU.ActiveCfg = Debug|Any CPU
		{6164D58E-73F7-4E39-9EAE-3A76B1D39DD6}.Debug|Any CPU.Build.0 = Debug|Any CPU
		{6164D58E-73F7-4E39-9EAE-3A76B1D39DD6}.Release|Any CPU.ActiveCfg = Release|Any CPU
		{6164D58E-73F7-4E39-9EAE-3A76B1D39DD6}.Release|Any CPU.Build.0 = Release|Any CPU
	EndGlobalSection
	GlobalSection(SolutionProperties) = preSolution
		HideSolutionNode = FALSE
	EndGlobalSection
	GlobalSection(ExtensibilityGlobals) = postSolution
		SolutionGuid = {02FC28E5-18DA-4F0D-A95E-0A920B948E2F}
	EndGlobalSection
EndGlobal
