
Microsoft Visual Studio Solution File, Format Version 12.00
# Visual Studio 15
VisualStudioVersion = 15.0.27130.2020
MinimumVisualStudioVersion = 10.0.40219.1
Project("{9A19103F-16F7-4668-BE54-9A1E7A4F7556}") = "BookLibrary.Web", "BookLibrary.Web\BookLibrary.Web.csproj", "{591CF120-1BDF-4F40-B4C0-B300E77476D1}"
EndProject
Project("{9A19103F-16F7-4668-BE54-9A1E7A4F7556}") = "BookLibrary.Models", "BookLibrary.Models\BookLibrary.Models.csproj", "{03BFF466-1476-4ECA-8DBC-03F5CF725237}"
EndProject
Project("{9A19103F-16F7-4668-BE54-9A1E7A4F7556}") = "BookLibrary.Data", "BookLibrary.Data\BookLibrary.Data.csproj", "{EA9F6141-9F0C-41B2-A5EB-98884A5DE57B}"
EndProject
Global
	GlobalSection(SolutionConfigurationPlatforms) = preSolution
		Debug|Any CPU = Debug|Any CPU
		Release|Any CPU = Release|Any CPU
	EndGlobalSection
	GlobalSection(ProjectConfigurationPlatforms) = postSolution
		{591CF120-1BDF-4F40-B4C0-B300E77476D1}.Debug|Any CPU.ActiveCfg = Debug|Any CPU
		{591CF120-1BDF-4F40-B4C0-B300E77476D1}.Debug|Any CPU.Build.0 = Debug|Any CPU
		{591CF120-1BDF-4F40-B4C0-B300E77476D1}.Release|Any CPU.ActiveCfg = Release|Any CPU
		{591CF120-1BDF-4F40-B4C0-B300E77476D1}.Release|Any CPU.Build.0 = Release|Any CPU
		{03BFF466-1476-4ECA-8DBC-03F5CF725237}.Debug|Any CPU.ActiveCfg = Debug|Any CPU
		{03BFF466-1476-4ECA-8DBC-03F5CF725237}.Debug|Any CPU.Build.0 = Debug|Any CPU
		{03BFF466-1476-4ECA-8DBC-03F5CF725237}.Release|Any CPU.ActiveCfg = Release|Any CPU
		{03BFF466-1476-4ECA-8DBC-03F5CF725237}.Release|Any CPU.Build.0 = Release|Any CPU
		{EA9F6141-9F0C-41B2-A5EB-98884A5DE57B}.Debug|Any CPU.ActiveCfg = Debug|Any CPU
		{EA9F6141-9F0C-41B2-A5EB-98884A5DE57B}.Debug|Any CPU.Build.0 = Debug|Any CPU
		{EA9F6141-9F0C-41B2-A5EB-98884A5DE57B}.Release|Any CPU.ActiveCfg = Release|Any CPU
		{EA9F6141-9F0C-41B2-A5EB-98884A5DE57B}.Release|Any CPU.Build.0 = Release|Any CPU
	EndGlobalSection
	GlobalSection(SolutionProperties) = preSolution
		HideSolutionNode = FALSE
	EndGlobalSection
	GlobalSection(ExtensibilityGlobals) = postSolution
		SolutionGuid = {239C0D38-A094-4AD7-B250-A6CF3C28D8A0}
	EndGlobalSection
EndGlobal
